{
  "name": "verify-bundle",
  "version": "1.0.0",
  "lockfileVersion": 3,
  "requires": true,
  "packages": {
    "": {
      "name": "verify-bundle",
      "version": "1.0.0",
      "license": "Apache-2.0",
      "dependencies": {
        "@peculiar/asn1-cms": "^2.9.4",
        "@peculiar/asn1-schema": "^2.9.4",
        "@peculiar/asn1-x509": "^2.9.4"
      },
      "devDependencies": {
        "@types/node": "^22.14.0",
        "typescript": "~5.8.2"
      },
      "engines": {
        "node": ">=20"
      }
    },
    "node_modules/@peculiar/asn1-cms": {
      "version": "2.9.4",
      "resolved": "https://registry.npmjs.org/@peculiar/asn1-cms/-/asn1-cms-2.9.4.tgz",
      "integrity": "sha512-cben7oxmQsUGZqotus7yt0srYdncOT6RNWcTQ77T2RFOXejYVYkXadrfePdRcrVpO9K95IRLKKglG2k38jKXuw==",
      "license": "MIT",
      "dependencies": {
        "@peculiar/asn1-schema": "^2.9.4",
        "@peculiar/asn1-x509": "^2.9.4",
        "@peculiar/asn1-x509-attr": "^2.9.4",
        "asn1js": "^3.0.10",
        "tslib": "^2.8.1"
      },
      "engines": {
        "node": ">=14"
      }
    },
    "node_modules/@peculiar/asn1-schema": {
      "version": "2.9.4",
      "resolved": "https://registry.npmjs.org/@peculiar/asn1-schema/-/asn1-schema-2.9.4.tgz",
      "integrity": "sha512-GjzePcT9Iw8NzeOPf73iNS9xM+TBhd/FilAfP+RQGkTMQJTVWtytN3JHJACCjf/ABNau5S7mS3g+DcuxmRgYEg==",
      "license": "MIT",
      "dependencies": {
        "@peculiar/utils": "^2.0.2",
        "asn1js": "^3.0.10",
        "tslib": "^2.8.1"
      },
      "engines": {
        "node": ">=14"
      }
    },
    "node_modules/@peculiar/asn1-x509": {
      "version": "2.9.4",
      "resolved": "https://registry.npmjs.org/@peculiar/asn1-x509/-/asn1-x509-2.9.4.tgz",
      "integrity": "sha512-CxhBo/RdEbMMob7T31ZdQjGuoyRFLVwrDzTn25bihzBasRg9kRm/0IxIPvhgQtcK/9dNcO1XQL2fuPugwELL0Q==",
      "license": "MIT",
      "dependencies": {
        "@peculiar/asn1-schema": "^2.9.4",
        "@peculiar/utils": "^2.0.2",
        "asn1js": "^3.0.10",
        "tslib": "^2.8.1"
      },
      "engines": {
        "node": ">=14"
      }
    },
    "node_modules/@peculiar/asn1-x509-attr": {
      "version": "2.9.4",
      "resolved": "https://registry.npmjs.org/@peculiar/asn1-x509-attr/-/asn1-x509-attr-2.9.4.tgz",
      "integrity": "sha512-ehQXbpQaQYycgu8OrvigwSPTFfVRcu0ECNYCWw+yzBp02Lw5paRqzzhUpfOgO2K38+WfFZuEz/0RPtam5g0OMg==",
      "license": "MIT",
      "dependencies": {
        "@peculiar/asn1-schema": "^2.9.4",
        "@peculiar/asn1-x509": "^2.9.4",
        "asn1js": "^3.0.10",
        "tslib": "^2.8.1"
      },
      "engines": {
        "node": ">=14"
      }
    },
    "node_modules/@peculiar/utils": {
      "version": "2.0.3",
      "resolved": "https://registry.npmjs.org/@peculiar/utils/-/utils-2.0.3.tgz",
      "integrity": "sha512-+oL3HPFRIZ1St2K50lWCXiioIgSoxzz7R1J3uF6neO2yl1sgmpgY6XXJH4BdpoDkMWznQTeYF6oWNDZLCdQ4eQ==",
      "license": "MIT",
      "dependencies": {
        "tslib": "^2.8.1"
      }
    },
    "node_modules/@types/node": {
      "version": "22.20.1",
      "resolved": "https://registry.npmjs.org/@types/node/-/node-22.20.1.tgz",
      "integrity": "sha512-EANqOCF9QFyra+4pfxUcX9STKJpCLjMbObVzljIJomAWSnuSIEAvyzEU53GaajbXJEgdh0iEcPL+DGvpUd4k1Q==",
      "dev": true,
      "license": "MIT",
      "dependencies": {
        "undici-types": "~6.21.0"
      }
    },
    "node_modules/asn1js": {
      "version": "3.0.10",
      "resolved": "https://registry.npmjs.org/asn1js/-/asn1js-3.0.10.tgz",
      "integrity": "sha512-S2s3aOytiKdFRdulw2qPE51MzjzVOisppcVv7jVFR+Kw0kxwvFrDcYA0h7Ndqbmj0HkMIXYWaoj7fli8kgx1eg==",
      "license": "BSD-3-Clause",
      "dependencies": {
        "pvtsutils": "^1.3.6",
        "pvutils": "^1.1.5",
        "tslib": "^2.8.1"
      },
      "engines": {
        "node": ">=12.0.0"
      }
    },
    "node_modules/pvtsutils": {
      "version": "1.3.6",
      "resolved": "https://registry.npmjs.org/pvtsutils/-/pvtsutils-1.3.6.tgz",
      "integrity": "sha512-PLgQXQ6H2FWCaeRak8vvk1GW462lMxB5s3Jm673N82zI4vqtVUPuZdffdZbPDFRoU8kAhItWFtPCWiPpp4/EDg==",
      "license": "MIT",
      "dependencies": {
        "tslib": "^2.8.1"
      }
    },
    "node_modules/pvutils": {
      "version": "1.2.0",
      "resolved": "https://registry.npmjs.org/pvutils/-/pvutils-1.2.0.tgz",
      "integrity": "sha512-BbubeCEyTuQjVMakvJQ/Sxbc93F2pwmbsxONT/ZRrwU7Ua38d8unYTwXpTVLAKJ4BDuH9IGztCjQcd/N/39Dvg==",
      "license": "MIT",
      "engines": {
        "node": ">=16.0.0"
      }
    },
    "node_modules/tslib": {
      "version": "2.8.1",
      "resolved": "https://registry.npmjs.org/tslib/-/tslib-2.8.1.tgz",
      "integrity": "sha512-oJFu94HQb+KVduSUQL7wnpmqnfmLsOA/nAh6b6EH0wCEoK0/mPeXU6c3wKDV83MkOuHPRHtSXKKU99IBazS/2w==",
      "license": "0BSD"
    },
    "node_modules/typescript": {
      "version": "5.8.3",
      "resolved": "https://registry.npmjs.org/typescript/-/typescript-5.8.3.tgz",
      "integrity": "sha512-p1diW6TqL9L07nNxvRMM7hMMw4c5XOo/1ibL4aAIGmSAt9slTE1Xgw5KWuof2uTOvCg9BY7ZRi+GaF+7sfgPeQ==",
      "dev": true,
      "license": "Apache-2.0",
      "bin": {
        "tsc": "bin/tsc",
        "tsserver": "bin/tsserver"
      },
      "engines": {
        "node": ">=14.17"
      }
    },
    "node_modules/undici-types": {
      "version": "6.21.0",
      "resolved": "https://registry.npmjs.org/undici-types/-/undici-types-6.21.0.tgz",
      "integrity": "sha512-iwDZqg0QAGrg9Rav5H4n0M64c3mkR59cJ6wQp+7C4nI0gsmExaedaYLNO44eT4AtBBwjbTiGPMlt2Md0T9H9JQ==",
      "dev": true,
      "license": "MIT"
    }
  }
}
